
Microsoft Visual Studio Solution File, Format Version 12.00
# Visual Studio Version 16
VisualStudioVersion = 16.0.29306.81
MinimumVisualStudioVersion = 10.0.40219.1
Project("{888888A0-9F3D-457C-B088-3A5042F75D52}") = "BeltDetectionLab2", "BeltDetectionLab2\BeltDetectionLab2.pyproj", "{0BAAFD00-E609-4692-9BD0-47551C476743}"
EndProject
Global
	GlobalSection(SolutionConfigurationPlatforms) = preSolution
		Debug|Any CPU = Debug|Any CPU
		Release|Any CPU = Release|Any CPU
	EndGlobalSection
	GlobalSection(ProjectConfigurationPlatforms) = postSolution
		{0BAAFD00-E609-4692-9BD0-47551C476743}.Debug|Any CPU.ActiveCfg = Debug|Any CPU
		{0BAAFD00-E609-4692-9BD0-47551C476743}.Release|Any CPU.ActiveCfg = Release|Any CPU
	EndGlobalSection
	GlobalSection(SolutionProperties) = preSolution
		HideSolutionNode = FALSE
	EndGlobalSection
	GlobalSection(ExtensibilityGlobals) = postSolution
		SolutionGuid = {65E9B751-52D8-4AE5-B063-255EE8411C2F}
	EndGlobalSection
EndGlobal
